{
  "name": "miniprogram",
  "version": "1.0.0",
  "lockfileVersion": 2,
  "requires": true,
  "packages": {
    "": {
      "name": "miniprogram",
      "version": "1.0.0",
      "license": "ISC",
      "dependencies": {
        "@alipay/faas-web-sdk": "^1.1.8-alpha.6",
        "antd-mini": "^1.0.0-beta.5"
      }
    },
    "node_modules/@alipay/faas-common-sdk": {
      "version": "1.1.8-alpha.6",
      "resolved": "https://registry.npmjs.org/@alipay/faas-common-sdk/-/faas-common-sdk-1.1.8-alpha.6.tgz",
      "integrity": "sha512-J8Ebwz3oBbTZqrulWRpzavCMcPQEIN/kY7Z5k7EpbivHxKTOaB3RJ7ixCiC+Y5Fny1721OWLp+i+jUobY1E+ow==",
      "dependencies": {
        "@alipay/faas-db-builder": "^1.1.8-alpha.6"
      },
      "engines": {
        "node": ">= 16.0.0"
      }
    },
    "node_modules/@alipay/faas-db-builder": {
      "version": "1.1.8-alpha.6",
      "resolved": "https://registry.npmjs.org/@alipay/faas-db-builder/-/faas-db-builder-1.1.8-alpha.6.tgz",
      "integrity": "sha512-2zcO4LCEpAhAab+032VGG7bV/5HQD5iwgKDHBUnuxdUkut53ONlA1DwUuyrsxf7NbDacp3B48dW3mjN+V8xAkA==",
      "engines": {
        "node": ">= 16.0.0"
      }
    },
    "node_modules/@alipay/faas-web-sdk": {
      "version": "1.1.8-alpha.6",
      "resolved": "https://registry.npmjs.org/@alipay/faas-web-sdk/-/faas-web-sdk-1.1.8-alpha.6.tgz",
      "integrity": "sha512-Rd2uy2e4OvmWEiDy3b6FWEZ15sCUk/lgprdTaKO+gNvmEllRLwM0WRWNJijfLYbQcndui0k57cZffXufbQwDrQ==",
      "dependencies": {
        "@alipay/faas-common-sdk": "^1.1.8-alpha.6",
        "crypto-js": "^4.1.1"
      }
    },
    "node_modules/@babel/runtime": {
      "version": "7.20.7",
      "resolved": "https://registry.npmjs.org/@babel/runtime/-/runtime-7.20.7.tgz",
      "integrity": "sha512-UF0tvkUtxwAgZ5W/KrkHf0Rn0fdnLDU9ScxBrEVNUprE/MzirjK4MJUX1/BVDv00Sv8cljtukVK1aky++X1SjQ==",
      "dependencies": {
        "regenerator-runtime": "^0.13.11"
      },
      "engines": {
        "node": ">=6.9.0"
      }
    },
    "node_modules/antd-mini": {
      "version": "1.0.0-beta.5",
      "resolved": "https://registry.npmjs.org/antd-mini/-/antd-mini-1.0.0-beta.5.tgz",
      "integrity": "sha512-xoM5Bqi8MUaY9qirVIFLeZEskcvxYaYeBrW0MvSbDPWx5SF0tVWocj1KHusHn5S+HmRGwhcaFWrOdEsSnjaEMw==",
      "dependencies": {
        "@babel/runtime": "^7.17.2",
        "async-validator": "^4.0.7",
        "dayjs": "^1.11.3",
        "fast-deep-equal": "3.1.3",
        "tslib": "^2.3.1"
      }
    },
    "node_modules/async-validator": {
      "version": "4.2.5",
      "resolved": "https://registry.npmjs.org/async-validator/-/async-validator-4.2.5.tgz",
      "integrity": "sha512-7HhHjtERjqlNbZtqNqy2rckN/SpOOlmDliet+lP7k+eKZEjPk3DgyeU9lIXLdeLz0uBbbVp+9Qdow9wJWgwwfg=="
    },
    "node_modules/crypto-js": {
      "version": "4.1.1",
      "resolved": "https://registry.npmjs.org/crypto-js/-/crypto-js-4.1.1.tgz",
      "integrity": "sha512-o2JlM7ydqd3Qk9CA0L4NL6mTzU2sdx96a+oOfPu8Mkl/PK51vSyoi8/rQ8NknZtk44vq15lmhAj9CIAGwgeWKw=="
    },
    "node_modules/dayjs": {
      "version": "1.11.7",
      "resolved": "https://registry.npmjs.org/dayjs/-/dayjs-1.11.7.tgz",
      "integrity": "sha512-+Yw9U6YO5TQohxLcIkrXBeY73WP3ejHWVvx8XCk3gxvQDCTEmS48ZrSZCKciI7Bhl/uCMyxYtE9UqRILmFphkQ=="
    },
    "node_modules/fast-deep-equal": {
      "version": "3.1.3",
      "resolved": "https://registry.npmjs.org/fast-deep-equal/-/fast-deep-equal-3.1.3.tgz",
      "integrity": "sha512-f3qQ9oQy9j2AhBe/H9VC91wLmKBCCU/gDOnKNAYG5hswO7BLKj09Hc5HYNz9cGI++xlpDCIgDaitVs03ATR84Q=="
    },
    "node_modules/regenerator-runtime": {
      "version": "0.13.11",
      "resolved": "https://registry.npmjs.org/regenerator-runtime/-/regenerator-runtime-0.13.11.tgz",
      "integrity": "sha512-kY1AZVr2Ra+t+piVaJ4gxaFaReZVH40AKNo7UCX6W+dEwBo/2oZJzqfuN1qLq1oL45o56cPaTXELwrTh8Fpggg=="
    },
    "node_modules/tslib": {
      "version": "2.4.1",
      "resolved": "https://registry.npmjs.org/tslib/-/tslib-2.4.1.tgz",
      "integrity": "sha512-tGyy4dAjRIEwI7BzsB0lynWgOpfqjUdq91XXAlIWD2OwKBH7oCl/GZG/HT4BOHrTlPMOASlMQ7veyTqpmRcrNA=="
    }
  },
  "dependencies": {
    "@alipay/faas-common-sdk": {
      "version": "1.1.8-alpha.6",
      "resolved": "https://registry.npmjs.org/@alipay/faas-common-sdk/-/faas-common-sdk-1.1.8-alpha.6.tgz",
      "integrity": "sha512-J8Ebwz3oBbTZqrulWRpzavCMcPQEIN/kY7Z5k7EpbivHxKTOaB3RJ7ixCiC+Y5Fny1721OWLp+i+jUobY1E+ow==",
      "requires": {
        "@alipay/faas-db-builder": "^1.1.8-alpha.6"
      }
    },
    "@alipay/faas-db-builder": {
      "version": "1.1.8-alpha.6",
      "resolved": "https://registry.npmjs.org/@alipay/faas-db-builder/-/faas-db-builder-1.1.8-alpha.6.tgz",
      "integrity": "sha512-2zcO4LCEpAhAab+032VGG7bV/5HQD5iwgKDHBUnuxdUkut53ONlA1DwUuyrsxf7NbDacp3B48dW3mjN+V8xAkA=="
    },
    "@alipay/faas-web-sdk": {
      "version": "1.1.8-alpha.6",
      "resolved": "https://registry.npmjs.org/@alipay/faas-web-sdk/-/faas-web-sdk-1.1.8-alpha.6.tgz",
      "integrity": "sha512-Rd2uy2e4OvmWEiDy3b6FWEZ15sCUk/lgprdTaKO+gNvmEllRLwM0WRWNJijfLYbQcndui0k57cZffXufbQwDrQ==",
      "requires": {
        "@alipay/faas-common-sdk": "^1.1.8-alpha.6",
        "crypto-js": "^4.1.1"
      }
    },
    "@babel/runtime": {
      "version": "7.20.7",
      "resolved": "https://registry.npmjs.org/@babel/runtime/-/runtime-7.20.7.tgz",
      "integrity": "sha512-UF0tvkUtxwAgZ5W/KrkHf0Rn0fdnLDU9ScxBrEVNUprE/MzirjK4MJUX1/BVDv00Sv8cljtukVK1aky++X1SjQ==",
      "requires": {
        "regenerator-runtime": "^0.13.11"
      }
    },
    "antd-mini": {
      "version": "1.0.0-beta.5",
      "resolved": "https://registry.npmjs.org/antd-mini/-/antd-mini-1.0.0-beta.5.tgz",
      "integrity": "sha512-xoM5Bqi8MUaY9qirVIFLeZEskcvxYaYeBrW0MvSbDPWx5SF0tVWocj1KHusHn5S+HmRGwhcaFWrOdEsSnjaEMw==",
      "requires": {
        "@babel/runtime": "^7.17.2",
        "async-validator": "^4.0.7",
        "dayjs": "^1.11.3",
        "fast-deep-equal": "3.1.3",
        "tslib": "^2.3.1"
      }
    },
    "async-validator": {
      "version": "4.2.5",
      "resolved": "https://registry.npmjs.org/async-validator/-/async-validator-4.2.5.tgz",
      "integrity": "sha512-7HhHjtERjqlNbZtqNqy2rckN/SpOOlmDliet+lP7k+eKZEjPk3DgyeU9lIXLdeLz0uBbbVp+9Qdow9wJWgwwfg=="
    },
    "crypto-js": {
      "version": "4.1.1",
      "resolved": "https://registry.npmjs.org/crypto-js/-/crypto-js-4.1.1.tgz",
      "integrity": "sha512-o2JlM7ydqd3Qk9CA0L4NL6mTzU2sdx96a+oOfPu8Mkl/PK51vSyoi8/rQ8NknZtk44vq15lmhAj9CIAGwgeWKw=="
    },
    "dayjs": {
      "version": "1.11.7",
      "resolved": "https://registry.npmjs.org/dayjs/-/dayjs-1.11.7.tgz",
      "integrity": "sha512-+Yw9U6YO5TQohxLcIkrXBeY73WP3ejHWVvx8XCk3gxvQDCTEmS48ZrSZCKciI7Bhl/uCMyxYtE9UqRILmFphkQ=="
    },
    "fast-deep-equal": {
      "version": "3.1.3",
      "resolved": "https://registry.npmjs.org/fast-deep-equal/-/fast-deep-equal-3.1.3.tgz",
      "integrity": "sha512-f3qQ9oQy9j2AhBe/H9VC91wLmKBCCU/gDOnKNAYG5hswO7BLKj09Hc5HYNz9cGI++xlpDCIgDaitVs03ATR84Q=="
    },
    "regenerator-runtime": {
      "version": "0.13.11",
      "resolved": "https://registry.npmjs.org/regenerator-runtime/-/regenerator-runtime-0.13.11.tgz",
      "integrity": "sha512-kY1AZVr2Ra+t+piVaJ4gxaFaReZVH40AKNo7UCX6W+dEwBo/2oZJzqfuN1qLq1oL45o56cPaTXELwrTh8Fpggg=="
    },
    "tslib": {
      "version": "2.4.1",
      "resolved": "https://registry.npmjs.org/tslib/-/tslib-2.4.1.tgz",
      "integrity": "sha512-tGyy4dAjRIEwI7BzsB0lynWgOpfqjUdq91XXAlIWD2OwKBH7oCl/GZG/HT4BOHrTlPMOASlMQ7veyTqpmRcrNA=="
    }
  }
}
